
Microsoft Visual Studio Solution File, Format Version 12.00
# Visual Studio Version 17
VisualStudioVersion = 17.3.32929.385
MinimumVisualStudioVersion = 10.0.40219.1
Project("{9A19103F-16F7-4668-BE54-9A1E7A4F7556}") = "Timelogger.Api", "Timelogger.Api\Timelogger.Api.csproj", "{586001F3-4417-4AFF-BB35-FA09226B7107}"
EndProject
Project("{9A19103F-16F7-4668-BE54-9A1E7A4F7556}") = "Timelogger", "Timelogger\Timelogger.csproj", "{9B0E1AAC-9A93-43AA-BDB6-39A40D60E29A}"
EndProject
Project("{9A19103F-16F7-4668-BE54-9A1E7A4F7556}") = "Timelogger.Api.Tests", "..\..\timelogger\server\Timelogger.Api.Tests\Timelogger.Api.Tests.csproj", "{CCF2C03F-7E92-4241-81EB-600F36A79420}"
EndProject
Global
	GlobalSection(SolutionConfigurationPlatforms) = preSolution
		Debug|Any CPU = Debug|Any CPU
		Release|Any CPU = Release|Any CPU
	EndGlobalSection
	GlobalSection(ProjectConfigurationPlatforms) = postSolution
		{586001F3-4417-4AFF-BB35-FA09226B7107}.Debug|Any CPU.ActiveCfg = Debug|Any CPU
		{586001F3-4417-4AFF-BB35-FA09226B7107}.Debug|Any CPU.Build.0 = Debug|Any CPU
		{586001F3-4417-4AFF-BB35-FA09226B7107}.Release|Any CPU.ActiveCfg = Release|Any CPU
		{586001F3-4417-4AFF-BB35-FA09226B7107}.Release|Any CPU.Build.0 = Release|Any CPU
		{9B0E1AAC-9A93-43AA-BDB6-39A40D60E29A}.Debug|Any CPU.ActiveCfg = Debug|Any CPU
		{9B0E1AAC-9A93-43AA-BDB6-39A40D60E29A}.Debug|Any CPU.Build.0 = Debug|Any CPU
		{9B0E1AAC-9A93-43AA-BDB6-39A40D60E29A}.Release|Any CPU.ActiveCfg = Release|Any CPU
		{9B0E1AAC-9A93-43AA-BDB6-39A40D60E29A}.Release|Any CPU.Build.0 = Release|Any CPU
		{CCF2C03F-7E92-4241-81EB-600F36A79420}.Debug|Any CPU.ActiveCfg = Debug|Any CPU
		{CCF2C03F-7E92-4241-81EB-600F36A79420}.Debug|Any CPU.Build.0 = Debug|Any CPU
		{CCF2C03F-7E92-4241-81EB-600F36A79420}.Release|Any CPU.ActiveCfg = Release|Any CPU
		{CCF2C03F-7E92-4241-81EB-600F36A79420}.Release|Any CPU.Build.0 = Release|Any CPU
	EndGlobalSection
	GlobalSection(SolutionProperties) = preSolution
		HideSolutionNode = FALSE
	EndGlobalSection
	GlobalSection(ExtensibilityGlobals) = postSolution
		SolutionGuid = {A79E6221-351D-48DB-A39E-14D0EB59BE74}
	EndGlobalSection
EndGlobal
